
Microsoft Visual Studio Solution File, Format Version 12.00
# Visual Studio Version 17
VisualStudioVersion = 17.0.31717.71
MinimumVisualStudioVersion = 10.0.40219.1
Project("{FAE04EC0-301F-11D3-BF4B-00C04F79EFBC}") = "CITester", "CITester\CITester.csproj", "{29CC87F4-0B2B-4A63-BA48-90312A3985D7}"
EndProject
Global
	GlobalSection(SolutionConfigurationPlatforms) = preSolution
		Debug|Any CPU = Debug|Any CPU
		Release|Any CPU = Release|Any CPU
	EndGlobalSection
	GlobalSection(ProjectConfigurationPlatforms) = postSolution
		{29CC87F4-0B2B-4A63-BA48-90312A3985D7}.Debug|Any CPU.ActiveCfg = Debug|Any CPU
		{29CC87F4-0B2B-4A63-BA48-90312A3985D7}.Debug|Any CPU.Build.0 = Debug|Any CPU
		{29CC87F4-0B2B-4A63-BA48-90312A3985D7}.Release|Any CPU.ActiveCfg = Release|Any CPU
		{29CC87F4-0B2B-4A63-BA48-90312A3985D7}.Release|Any CPU.Build.0 = Release|Any CPU
	EndGlobalSection
	GlobalSection(SolutionProperties) = preSolution
		HideSolutionNode = FALSE
	EndGlobalSection
	GlobalSection(ExtensibilityGlobals) = postSolution
		SolutionGuid = {F90EC3CE-D85B-48C3-BF1D-20D9D195AC04}
	EndGlobalSection
EndGlobal
